
Microsoft Visual Studio Solution File, Format Version 12.00
# Visual Studio 15
VisualStudioVersion = 15.0.28010.2046
MinimumVisualStudioVersion = 10.0.40219.1
Project("{8BC9CEB8-8B4A-11D0-8D11-00A0C91BC942}") = "PP12", "PP12\PP12.vcxproj", "{24CC24B5-B084-456A-9711-1F2297D8B5FA}"
EndProject
Project("{8BC9CEB8-8B4A-11D0-8D11-00A0C91BC942}") = "PP11", "PP11\PP11.vcxproj", "{47E87E1C-DA3F-43EF-B8BD-3BF8BD7CACE6}"
EndProject
Project("{8BC9CEB8-8B4A-11D0-8D11-00A0C91BC942}") = "PP13.KInputHandler", "PP13.KInputHandler\PP13.KInputHandler.vcxproj", "{954A8453-9913-42EA-9961-66729729FEF6}"
EndProject
Project("{8BC9CEB8-8B4A-11D0-8D11-00A0C91BC942}") = "PP14.MInputHandler", "PP14.MInputHandler\PP14.MInputHandler.vcxproj", "{6A7D00D7-93A1-4A6D-8BEE-4852A932E281}"
EndProject
Project("{8BC9CEB8-8B4A-11D0-8D11-00A0C91BC942}") = "HH07", "HH07\HH07.vcxproj", "{324CFDE0-A62B-4854-B640-21D99BD7AC2F}"
EndProject
Project("{8BC9CEB8-8B4A-11D0-8D11-00A0C91BC942}") = "PP15.FSM", "PP15.FSM\PP15.FSM.vcxproj", "{103AB7A1-3124-4031-B83B-1E0C51AEE0B2}"
EndProject
Project("{8BC9CEB8-8B4A-11D0-8D11-00A0C91BC942}") = "PP16.MenuState", "PP16.MenuState\PP16.MenuState.vcxproj", "{ED250A79-C9BC-4913-A485-4B83ED266AD1}"
EndProject
Project("{8BC9CEB8-8B4A-11D0-8D11-00A0C91BC942}") = "PP17.PlayState", "PP17.PlayState\PP17.PlayState.vcxproj", "{B7A1B7BD-9416-4582-9B15-34C86356F844}"
EndProject
Project("{8BC9CEB8-8B4A-11D0-8D11-00A0C91BC942}") = "PP18.PauseState", "PP18.PauseState\PP18.PauseState.vcxproj", "{E2CC3BF3-714C-4F65-8872-0735B0C4D63E}"
EndProject
Project("{8BC9CEB8-8B4A-11D0-8D11-00A0C91BC942}") = "PP19.GameOverState", "PP19.GameOverState\PP19.GameOverState.vcxproj", "{79914E5E-B751-490B-B6C0-5A84ED01A7CC}"
EndProject
Project("{8BC9CEB8-8B4A-11D0-8D11-00A0C91BC942}") = "MiniGame", "MiniGame\MiniGame.vcxproj", "{0C3BC7F5-71F8-48DC-B339-37C948BD8194}"
EndProject
Global
	GlobalSection(SolutionConfigurationPlatforms) = preSolution
		Debug|x64 = Debug|x64
		Debug|x86 = Debug|x86
		Release|x64 = Release|x64
		Release|x86 = Release|x86
	EndGlobalSection
	GlobalSection(ProjectConfigurationPlatforms) = postSolution
		{24CC24B5-B084-456A-9711-1F2297D8B5FA}.Debug|x64.ActiveCfg = Debug|x64
		{24CC24B5-B084-456A-9711-1F2297D8B5FA}.Debug|x64.Build.0 = Debug|x64
		{24CC24B5-B084-456A-9711-1F2297D8B5FA}.Debug|x86.ActiveCfg = Debug|Win32
		{24CC24B5-B084-456A-9711-1F2297D8B5FA}.Debug|x86.Build.0 = Debug|Win32
		{24CC24B5-B084-456A-9711-1F2297D8B5FA}.Release|x64.ActiveCfg = Release|x64
		{24CC24B5-B084-456A-9711-1F2297D8B5FA}.Release|x64.Build.0 = Release|x64
		{24CC24B5-B084-456A-9711-1F2297D8B5FA}.Release|x86.ActiveCfg = Release|Win32
		{24CC24B5-B084-456A-9711-1F2297D8B5FA}.Release|x86.Build.0 = Release|Win32
		{47E87E1C-DA3F-43EF-B8BD-3BF8BD7CACE6}.Debug|x64.ActiveCfg = Debug|x64
		{47E87E1C-DA3F-43EF-B8BD-3BF8BD7CACE6}.Debug|x64.Build.0 = Debug|x64
		{47E87E1C-DA3F-43EF-B8BD-3BF8BD7CACE6}.Debug|x86.ActiveCfg = Debug|Win32
		{47E87E1C-DA3F-43EF-B8BD-3BF8BD7CACE6}.Debug|x86.Build.0 = Debug|Win32
		{47E87E1C-DA3F-43EF-B8BD-3BF8BD7CACE6}.Release|x64.ActiveCfg = Release|x64
		{47E87E1C-DA3F-43EF-B8BD-3BF8BD7CACE6}.Release|x64.Build.0 = Release|x64
		{47E87E1C-DA3F-43EF-B8BD-3BF8BD7CACE6}.Release|x86.ActiveCfg = Release|Win32
		{47E87E1C-DA3F-43EF-B8BD-3BF8BD7CACE6}.Release|x86.Build.0 = Release|Win32
		{954A8453-9913-42EA-9961-66729729FEF6}.Debug|x64.ActiveCfg = Debug|x64
		{954A8453-9913-42EA-9961-66729729FEF6}.Debug|x64.Build.0 = Debug|x64
		{954A8453-9913-42EA-9961-66729729FEF6}.Debug|x86.ActiveCfg = Debug|Win32
		{954A8453-9913-42EA-9961-66729729FEF6}.Debug|x86.Build.0 = Debug|Win32
		{954A8453-9913-42EA-9961-66729729FEF6}.Release|x64.ActiveCfg = Release|x64
		{954A8453-9913-42EA-9961-66729729FEF6}.Release|x64.Build.0 = Release|x64
		{954A8453-9913-42EA-9961-66729729FEF6}.Release|x86.ActiveCfg = Release|Win32
		{954A8453-9913-42EA-9961-66729729FEF6}.Release|x86.Build.0 = Release|Win32
		{6A7D00D7-93A1-4A6D-8BEE-4852A932E281}.Debug|x64.ActiveCfg = Debug|x64
		{6A7D00D7-93A1-4A6D-8BEE-4852A932E281}.Debug|x64.Build.0 = Debug|x64
		{6A7D00D7-93A1-4A6D-8BEE-4852A932E281}.Debug|x86.ActiveCfg = Debug|Win32
		{6A7D00D7-93A1-4A6D-8BEE-4852A932E281}.Debug|x86.Build.0 = Debug|Win32
		{6A7D00D7-93A1-4A6D-8BEE-4852A932E281}.Release|x64.ActiveCfg = Release|x64
		{6A7D00D7-93A1-4A6D-8BEE-4852A932E281}.Release|x64.Build.0 = Release|x64
		{6A7D00D7-93A1-4A6D-8BEE-4852A932E281}.Release|x86.ActiveCfg = Release|Win32
		{6A7D00D7-93A1-4A6D-8BEE-4852A932E281}.Release|x86.Build.0 = Release|Win32
		{324CFDE0-A62B-4854-B640-21D99BD7AC2F}.Debug|x64.ActiveCfg = Debug|x64
		{324CFDE0-A62B-4854-B640-21D99BD7AC2F}.Debug|x64.Build.0 = Debug|x64
		{324CFDE0-A62B-4854-B640-21D99BD7AC2F}.Debug|x86.ActiveCfg = Debug|Win32
		{324CFDE0-A62B-4854-B640-21D99BD7AC2F}.Debug|x86.Build.0 = Debug|Win32
		{324CFDE0-A62B-4854-B640-21D99BD7AC2F}.Release|x64.ActiveCfg = Release|x64
		{324CFDE0-A62B-4854-B640-21D99BD7AC2F}.Release|x64.Build.0 = Release|x64
		{324CFDE0-A62B-4854-B640-21D99BD7AC2F}.Release|x86.ActiveCfg = Release|Win32
		{324CFDE0-A62B-4854-B640-21D99BD7AC2F}.Release|x86.Build.0 = Release|Win32
		{103AB7A1-3124-4031-B83B-1E0C51AEE0B2}.Debug|x64.ActiveCfg = Debug|x64
		{103AB7A1-3124-4031-B83B-1E0C51AEE0B2}.Debug|x64.Build.0 = Debug|x64
		{103AB7A1-3124-4031-B83B-1E0C51AEE0B2}.Debug|x86.ActiveCfg = Debug|Win32
		{103AB7A1-3124-4031-B83B-1E0C51AEE0B2}.Debug|x86.Build.0 = Debug|Win32
		{103AB7A1-3124-4031-B83B-1E0C51AEE0B2}.Release|x64.ActiveCfg = Release|x64
		{103AB7A1-3124-4031-B83B-1E0C51AEE0B2}.Release|x64.Build.0 = Release|x64
		{103AB7A1-3124-4031-B83B-1E0C51AEE0B2}.Release|x86.ActiveCfg = Release|Win32
		{103AB7A1-3124-4031-B83B-1E0C51AEE0B2}.Release|x86.Build.0 = Release|Win32
		{ED250A79-C9BC-4913-A485-4B83ED266AD1}.Debug|x64.ActiveCfg = Debug|x64
		{ED250A79-C9BC-4913-A485-4B83ED266AD1}.Debug|x64.Build.0 = Debug|x64
		{ED250A79-C9BC-4913-A485-4B83ED266AD1}.Debug|x86.ActiveCfg = Debug|Win32
		{ED250A79-C9BC-4913-A485-4B83ED266AD1}.Debug|x86.Build.0 = Debug|Win32
		{ED250A79-C9BC-4913-A485-4B83ED266AD1}.Release|x64.ActiveCfg = Release|x64
		{ED250A79-C9BC-4913-A485-4B83ED266AD1}.Release|x64.Build.0 = Release|x64
		{ED250A79-C9BC-4913-A485-4B83ED266AD1}.Release|x86.ActiveCfg = Release|Win32
		{ED250A79-C9BC-4913-A485-4B83ED266AD1}.Release|x86.Build.0 = Release|Win32
		{B7A1B7BD-9416-4582-9B15-34C86356F844}.Debug|x64.ActiveCfg = Debug|x64
		{B7A1B7BD-9416-4582-9B15-34C86356F844}.Debug|x64.Build.0 = Debug|x64
		{B7A1B7BD-9416-4582-9B15-34C86356F844}.Debug|x86.ActiveCfg = Debug|Win32
		{B7A1B7BD-9416-4582-9B15-34C86356F844}.Debug|x86.Build.0 = Debug|Win32
		{B7A1B7BD-9416-4582-9B15-34C86356F844}.Release|x64.ActiveCfg = Release|x64
		{B7A1B7BD-9416-4582-9B15-34C86356F844}.Release|x64.Build.0 = Release|x64
		{B7A1B7BD-9416-4582-9B15-34C86356F844}.Release|x86.ActiveCfg = Release|Win32
		{B7A1B7BD-9416-4582-9B15-34C86356F844}.Release|x86.Build.0 = Release|Win32
		{E2CC3BF3-714C-4F65-8872-0735B0C4D63E}.Debug|x64.ActiveCfg = Debug|x64
		{E2CC3BF3-714C-4F65-8872-0735B0C4D63E}.Debug|x64.Build.0 = Debug|x64
		{E2CC3BF3-714C-4F65-8872-0735B0C4D63E}.Debug|x86.ActiveCfg = Debug|Win32
		{E2CC3BF3-714C-4F65-8872-0735B0C4D63E}.Debug|x86.Build.0 = Debug|Win32
		{E2CC3BF3-714C-4F65-8872-0735B0C4D63E}.Release|x64.ActiveCfg = Release|x64
		{E2CC3BF3-714C-4F65-8872-0735B0C4D63E}.Release|x64.Build.0 = Release|x64
		{E2CC3BF3-714C-4F65-8872-0735B0C4D63E}.Release|x86.ActiveCfg = Release|Win32
		{E2CC3BF3-714C-4F65-8872-0735B0C4D63E}.Release|x86.Build.0 = Release|Win32
		{79914E5E-B751-490B-B6C0-5A84ED01A7CC}.Debug|x64.ActiveCfg = Debug|x64
		{79914E5E-B751-490B-B6C0-5A84ED01A7CC}.Debug|x64.Build.0 = Debug|x64
		{79914E5E-B751-490B-B6C0-5A84ED01A7CC}.Debug|x86.ActiveCfg = Debug|Win32
		{79914E5E-B751-490B-B6C0-5A84ED01A7CC}.Debug|x86.Build.0 = Debug|Win32
		{79914E5E-B751-490B-B6C0-5A84ED01A7CC}.Release|x64.ActiveCfg = Release|x64
		{79914E5E-B751-490B-B6C0-5A84ED01A7CC}.Release|x64.Build.0 = Release|x64
		{79914E5E-B751-490B-B6C0-5A84ED01A7CC}.Release|x86.ActiveCfg = Release|Win32
		{79914E5E-B751-490B-B6C0-5A84ED01A7CC}.Release|x86.Build.0 = Release|Win32
		{0C3BC7F5-71F8-48DC-B339-37C948BD8194}.Debug|x64.ActiveCfg = Debug|x64
		{0C3BC7F5-71F8-48DC-B339-37C948BD8194}.Debug|x64.Build.0 = Debug|x64
		{0C3BC7F5-71F8-48DC-B339-37C948BD8194}.Debug|x86.ActiveCfg = Debug|Win32
		{0C3BC7F5-71F8-48DC-B339-37C948BD8194}.Debug|x86.Build.0 = Debug|Win32
		{0C3BC7F5-71F8-48DC-B339-37C948BD8194}.Release|x64.ActiveCfg = Release|x64
		{0C3BC7F5-71F8-48DC-B339-37C948BD8194}.Release|x64.Build.0 = Release|x64
		{0C3BC7F5-71F8-48DC-B339-37C948BD8194}.Release|x86.ActiveCfg = Release|Win32
		{0C3BC7F5-71F8-48DC-B339-37C948BD8194}.Release|x86.Build.0 = Release|Win32
	EndGlobalSection
	GlobalSection(SolutionProperties) = preSolution
		HideSolutionNode = FALSE
	EndGlobalSection
	GlobalSection(ExtensibilityGlobals) = postSolution
		SolutionGuid = {C527A1F4-9AF5-4696-A538-28AE6E4E29AA}
	EndGlobalSection
EndGlobal
